<?xml version="1.0" encoding="utf-8"?>
<Project ToolsVersion="4.0" xmlns="http://schemas.microsoft.com/developer/msbuild/2003">
  <ItemGroup>
    <Filter Include="Sovereign">
      <UniqueIdentifier>{179C3996-8306-EE0C-CC44-9FB238EECB61}</UniqueIdentifier>
    </Filter>
    <Filter Include="Sovereign\Events">
      <UniqueIdentifier>{1BE8315F-07E1-50B1-3013-36361C6B30BD}</UniqueIdentifier>
    </Filter>
  </ItemGroup>
  <ItemGroup>
    <ClInclude Include="src\Sovereign.h" />
    <ClInclude Include="src\Sovereign\Application.h">
      <Filter>Sovereign</Filter>
    </ClInclude>
    <ClInclude Include="src\Sovereign\Core.h">
      <Filter>Sovereign</Filter>
    </ClInclude>
    <ClInclude Include="src\Sovereign\EntryPoint.h">
      <Filter>Sovereign</Filter>
    </ClInclude>
    <ClInclude Include="src\Sovereign\Events\Event.h">
      <Filter>Sovereign\Events</Filter>
    </ClInclude>
    <ClInclude Include="src\Sovereign\Log.h">
      <Filter>Sovereign</Filter>
    </ClInclude>
  </ItemGroup>
  <ItemGroup>
    <ClCompile Include="src\Sovereign\Application.cpp">
      <Filter>Sovereign</Filter>
    </ClCompile>
    <ClCompile Include="src\Sovereign\Log.cpp">
      <Filter>Sovereign</Filter>
    </ClCompile>
    <ClCompile Include="src\Sovereign\Events\KeyEvent.cpp" />
  </ItemGroup>
</Project>